
Microsoft Visual Studio Solution File, Format Version 12.00
# Visual Studio Version 17
VisualStudioVersion = 17.3.32901.215
MinimumVisualStudioVersion = 10.0.40219.1
Project("{FAE04EC0-301F-11D3-BF4B-00C04F79EFBC}") = "PokemonReviewApp", "PokemonReviewApp\PokemonReviewApp.csproj", "{BAC93351-0DAF-4A06-A852-938A97742781}"
EndProject
Global
	GlobalSection(SolutionConfigurationPlatforms) = preSolution
		Debug|Any CPU = Debug|Any CPU
		Release|Any CPU = Release|Any CPU
	EndGlobalSection
	GlobalSection(ProjectConfigurationPlatforms) = postSolution
		{BAC93351-0DAF-4A06-A852-938A97742781}.Debug|Any CPU.ActiveCfg = Debug|Any CPU
		{BAC93351-0DAF-4A06-A852-938A97742781}.Debug|Any CPU.Build.0 = Debug|Any CPU
		{BAC93351-0DAF-4A06-A852-938A97742781}.Release|Any CPU.ActiveCfg = Release|Any CPU
		{BAC93351-0DAF-4A06-A852-938A97742781}.Release|Any CPU.Build.0 = Release|Any CPU
	EndGlobalSection
	GlobalSection(SolutionProperties) = preSolution
		HideSolutionNode = FALSE
	EndGlobalSection
	GlobalSection(ExtensibilityGlobals) = postSolution
		SolutionGuid = {E1407C2B-4698-4ECF-AA59-37E2AD2EBDEA}
	EndGlobalSection
EndGlobal
